// !$*UTF8*$!
{
	archiveVersion = 1;
	classes = {
	};
	objectVersion = 77;
	objects = {

/* Begin PBXBuildFile section */
		00E296B6E6823D0E69D64CD6 /* DatabaseClient.swift in Sources */ = {isa = PBXBuildFile; fileRef = C642B6B849336778C44CCC1A /* DatabaseClient.swift */; };
		06E9788E9E8E97DF1604E768 /* PromptManager.swift in Sources */ = {isa = PBXBuildFile; fileRef = 88B79646718D3890F6FBE24B /* PromptManager.swift */; };
		0D1E6F8E1BAEE2C5CB47334C /* MockAIService.swift in Sources */ = {isa = PBXBuildFile; fileRef = 0216AC8A90C432F8BA3C35FF /* MockAIService.swift */; };
		10163BFC562765D407DE9076 /* HCTextField.swift in Sources */ = {isa = PBXBuildFile; fileRef = 4122AAB44571F5F091E6480C /* HCTextField.swift */; };
		2933F85FF783482B7C39770B /* Date+Extensions.swift in Sources */ = {isa = PBXBuildFile; fileRef = A0271E615B90E61BA9386312 /* Date+Extensions.swift */; };
		2E72BFDDBA1E6980D1B816B9 /* QuickSetupView.swift in Sources */ = {isa = PBXBuildFile; fileRef = C6BE8A0366CD3CA0EDE5321A /* QuickSetupView.swift */; };
		306FAC0E1FA39767A8D64E43 /* SettingsView.swift in Sources */ = {isa = PBXBuildFile; fileRef = 397536AC3B2A1F6254C4260F /* SettingsView.swift */; };
		3272400E1A596D2C2C6545F9 /* DailyReview.swift in Sources */ = {isa = PBXBuildFile; fileRef = 9E7D3C0F74D0584FCCE330B6 /* DailyReview.swift */; };
		3BAF382DC217F5A56EB55E59 /* IntroCarouselView.swift in Sources */ = {isa = PBXBuildFile; fileRef = CC69608532FF0436C00857F0 /* IntroCarouselView.swift */; };
		3D54D39E4FA09F02E04E39FA /* OnboardingFeature.swift in Sources */ = {isa = PBXBuildFile; fileRef = 7B45D91BB094394A38EB1535 /* OnboardingFeature.swift */; };
		4DD5680385573D62E272B923 /* AppleLoginButton.swift in Sources */ = {isa = PBXBuildFile; fileRef = C02BBD81AD061EECCF0369EB /* AppleLoginButton.swift */; };
		5CD3DC2384E6A89BF4AAEED5 /* FirebaseAuth in Frameworks */ = {isa = PBXBuildFile; productRef = 06D3D5AC7EE3A8B8A01B7B34 /* FirebaseAuth */; };
		5F954A2F8A5FFA03640D5DB5 /* ReviewView.swift in Sources */ = {isa = PBXBuildFile; fileRef = FB6DB92C1E5D7D7853349FF2 /* ReviewView.swift */; };
		63C739C22591C5BDEBD307CA /* OnboardingView.swift in Sources */ = {isa = PBXBuildFile; fileRef = 3C5A44F97D86DA9DE994E9A3 /* OnboardingView.swift */; };
		718BE91D3E94A209D622A5F3 /* HomeFeature.swift in Sources */ = {isa = PBXBuildFile; fileRef = 73759E81B5E4B4403D403D14 /* HomeFeature.swift */; };
		77630799AD73E057ED5FCA0C /* HaruCoachApp.swift in Sources */ = {isa = PBXBuildFile; fileRef = A7AC352490ECE8A7670CB142 /* HaruCoachApp.swift */; };
		7E96FA275AC9248E92F995FE /* FirstScheduleView.swift in Sources */ = {isa = PBXBuildFile; fileRef = F2DD4C20480A9E634640E5F7 /* FirstScheduleView.swift */; };
		8EF1BFF2E1F698346DCD63D3 /* SplashView.swift in Sources */ = {isa = PBXBuildFile; fileRef = F7D313A5B24B4D91CE4CC608 /* SplashView.swift */; };
		908C167474C0955F40464B55 /* EditTaskView.swift in Sources */ = {isa = PBXBuildFile; fileRef = 0754D226B418DBB49CB817F3 /* EditTaskView.swift */; };
		949FFADD6A25695D6FC3D657 /* HomeView.swift in Sources */ = {isa = PBXBuildFile; fileRef = FC08C562B26940529E4FB111 /* HomeView.swift */; };
		95B0EB5A369F2691E1198641 /* AuthClient.swift in Sources */ = {isa = PBXBuildFile; fileRef = B291ADF8C0323BA9614B2826 /* AuthClient.swift */; };
		990FA1D033CAE671239C7638 /* HaruCoachTests.swift in Sources */ = {isa = PBXBuildFile; fileRef = A8D065B1918DB91AA495A61E /* HaruCoachTests.swift */; };
		9BF746687FE0D16C946C1569 /* ReviewFeature.swift in Sources */ = {isa = PBXBuildFile; fileRef = 4896D2A7538C2C20C867EA22 /* ReviewFeature.swift */; };
		9F9A35A95B9FB1D93BDA6959 /* HCButton.swift in Sources */ = {isa = PBXBuildFile; fileRef = DECD1F52EC71C84DDEF298E8 /* HCButton.swift */; };
		A24C11FA14EE70141E736522 /* HCColors.swift in Sources */ = {isa = PBXBuildFile; fileRef = EAC96C75B0BC260E456A7013 /* HCColors.swift */; };
		A55128F8E30720C69773AC19 /* Assets.xcassets in Resources */ = {isa = PBXBuildFile; fileRef = 664A9F320EEE6B1D9975D926 /* Assets.xcassets */; };
		A78951C03F77B98AB09B75E5 /* GoogleService-Info.plist in Resources */ = {isa = PBXBuildFile; fileRef = 54C23F98A893F0941A82ABFA /* GoogleService-Info.plist */; };
		AA9454211C0C0233B13004F5 /* TaskCard.swift in Sources */ = {isa = PBXBuildFile; fileRef = E368E6D1424AE970CC3506DE /* TaskCard.swift */; };
		B141F7F237184289F38C0D84 /* HCAnimations.swift in Sources */ = {isa = PBXBuildFile; fileRef = 193D3431CA24FB0A95648602 /* HCAnimations.swift */; };
		B4EF5EC2E848E0438EAAB649 /* User.swift in Sources */ = {isa = PBXBuildFile; fileRef = EFE6B8C3C6F35E709E0B7892 /* User.swift */; };
		B7A5045456054340D78F942C /* DailyPlan.swift in Sources */ = {isa = PBXBuildFile; fileRef = E428FA50870FE815F665F143 /* DailyPlan.swift */; };
		C3C8FFBA4718B31DCEBEBB9D /* View+Extensions.swift in Sources */ = {isa = PBXBuildFile; fileRef = 3A3D7D411C437347308F7F3A /* View+Extensions.swift */; };
		C859C02E0B5301998351832D /* ProgressRing.swift in Sources */ = {isa = PBXBuildFile; fileRef = BF9024F45966994F15A7EA7B /* ProgressRing.swift */; };
		CE3B5288AE2BB3BF6C18EA69 /* Correction.swift in Sources */ = {isa = PBXBuildFile; fileRef = 8637F87DAB7C94C00E2311AE /* Correction.swift */; };
		D35D63CBD137CA2B5958B73F /* NotificationManager.swift in Sources */ = {isa = PBXBuildFile; fileRef = F110BB1A8F0B0592080813B0 /* NotificationManager.swift */; };
		D3DC7CD13D9E439CC33F0132 /* ComposableArchitecture in Frameworks */ = {isa = PBXBuildFile; productRef = 3C5E920F05B02D1EEC9679A5 /* ComposableArchitecture */; };
		D84B40D2239B9B278305B9D2 /* AIConfirmationCard.swift in Sources */ = {isa = PBXBuildFile; fileRef = 4179221C0CA17E9953EE51BA /* AIConfirmationCard.swift */; };
		DF1851C2DC153AA5B88B8223 /* HCTask.swift in Sources */ = {isa = PBXBuildFile; fileRef = 226564F4DE2636916B4DB823 /* HCTask.swift */; };
		E176D04EF4E3CB3E4194742F /* AppFeature.swift in Sources */ = {isa = PBXBuildFile; fileRef = 64529778384F279699FBB48B /* AppFeature.swift */; };
		EE7720356CE32C60F2D7A051 /* HCSpacing.swift in Sources */ = {isa = PBXBuildFile; fileRef = 008261B96D30351FA9C118C3 /* HCSpacing.swift */; };
		EF9A74B0C4996E6926789CD1 /* LoginView.swift in Sources */ = {isa = PBXBuildFile; fileRef = B9F4063C6BB2E4207BEFBCBE /* LoginView.swift */; };
		F2BFCD3F186BBCA4062D2463 /* HCTypography.swift in Sources */ = {isa = PBXBuildFile; fileRef = 2974B0F8CA0E87B3F90C69F1 /* HCTypography.swift */; };
		F4FD0DC61096C40067F67131 /* AppleAuthHelper.swift in Sources */ = {isa = PBXBuildFile; fileRef = 2E52405A10EA8C3A34AB49C9 /* AppleAuthHelper.swift */; };
		F9B8706C08EBAA86578B5269 /* AIService.swift in Sources */ = {isa = PBXBuildFile; fileRef = 9771289A7FD49135F40FAB6C /* AIService.swift */; };
/* End PBXBuildFile section */

/* Begin PBXContainerItemProxy section */
		39F20B78F074294FAFB27617 /* PBXContainerItemProxy */ = {
			isa = PBXContainerItemProxy;
			containerPortal = 59A344D792219D2E2B6AE906 /* Project object */;
			proxyType = 1;
			remoteGlobalIDString = 32E5D4DA00A6EF0538EF0AC7;
			remoteInfo = HaruCoach;
		};
/* End PBXContainerItemProxy section */

/* Begin PBXFileReference section */
		008261B96D30351FA9C118C3 /* HCSpacing.swift */ = {isa = PBXFileReference; lastKnownFileType = sourcecode.swift; path = HCSpacing.swift; sourceTree = "<group>"; };
		0216AC8A90C432F8BA3C35FF /* MockAIService.swift */ = {isa = PBXFileReference; lastKnownFileType = sourcecode.swift; path = MockAIService.swift; sourceTree = "<group>"; };
		0754D226B418DBB49CB817F3 /* EditTaskView.swift */ = {isa = PBXFileReference; lastKnownFileType = sourcecode.swift; path = EditTaskView.swift; sourceTree = "<group>"; };
		193D3431CA24FB0A95648602 /* HCAnimations.swift */ = {isa = PBXFileReference; lastKnownFileType = sourcecode.swift; path = HCAnimations.swift; sourceTree = "<group>"; };
		226564F4DE2636916B4DB823 /* HCTask.swift */ = {isa = PBXFileReference; lastKnownFileType = sourcecode.swift; path = HCTask.swift; sourceTree = "<group>"; };
		2974B0F8CA0E87B3F90C69F1 /* HCTypography.swift */ = {isa = PBXFileReference; lastKnownFileType = sourcecode.swift; path = HCTypography.swift; sourceTree = "<group>"; };
		2E52405A10EA8C3A34AB49C9 /* AppleAuthHelper.swift */ = {isa = PBXFileReference; lastKnownFileType = sourcecode.swift; path = AppleAuthHelper.swift; sourceTree = "<group>"; };
		397536AC3B2A1F6254C4260F /* SettingsView.swift */ = {isa = PBXFileReference; lastKnownFileType = sourcecode.swift; path = SettingsView.swift; sourceTree = "<group>"; };
		3A3D7D411C437347308F7F3A /* View+Extensions.swift */ = {isa = PBXFileReference; lastKnownFileType = sourcecode.swift; path = "View+Extensions.swift"; sourceTree = "<group>"; };
		3C5A44F97D86DA9DE994E9A3 /* OnboardingView.swift */ = {isa = PBXFileReference; lastKnownFileType = sourcecode.swift; path = OnboardingView.swift; sourceTree = "<group>"; };
		4122AAB44571F5F091E6480C /* HCTextField.swift */ = {isa = PBXFileReference; lastKnownFileType = sourcecode.swift; path = HCTextField.swift; sourceTree = "<group>"; };
		4179221C0CA17E9953EE51BA /* AIConfirmationCard.swift */ = {isa = PBXFileReference; lastKnownFileType = sourcecode.swift; path = AIConfirmationCard.swift; sourceTree = "<group>"; };
		4896D2A7538C2C20C867EA22 /* ReviewFeature.swift */ = {isa = PBXFileReference; lastKnownFileType = sourcecode.swift; path = ReviewFeature.swift; sourceTree = "<group>"; };
		54C23F98A893F0941A82ABFA /* GoogleService-Info.plist */ = {isa = PBXFileReference; lastKnownFileType = text.plist; path = "GoogleService-Info.plist"; sourceTree = "<group>"; };
		64529778384F279699FBB48B /* AppFeature.swift */ = {isa = PBXFileReference; lastKnownFileType = sourcecode.swift; path = AppFeature.swift; sourceTree = "<group>"; };
		664A9F320EEE6B1D9975D926 /* Assets.xcassets */ = {isa = PBXFileReference; lastKnownFileType = folder.assetcatalog; path = Assets.xcassets; sourceTree = "<group>"; };
		6C843A803563237038BD62F9 /* HaruCoach.app */ = {isa = PBXFileReference; includeInIndex = 0; lastKnownFileType = wrapper.application; path = HaruCoach.app; sourceTree = BUILT_PRODUCTS_DIR; };
		6F31A7F7A677C05BAD7F0568 /* HaruCoachTests.xctest */ = {isa = PBXFileReference; includeInIndex = 0; lastKnownFileType = wrapper.cfbundle; path = HaruCoachTests.xctest; sourceTree = BUILT_PRODUCTS_DIR; };
		73759E81B5E4B4403D403D14 /* HomeFeature.swift */ = {isa = PBXFileReference; lastKnownFileType = sourcecode.swift; path = HomeFeature.swift; sourceTree = "<group>"; };
		7B45D91BB094394A38EB1535 /* OnboardingFeature.swift */ = {isa = PBXFileReference; lastKnownFileType = sourcecode.swift; path = OnboardingFeature.swift; sourceTree = "<group>"; };
		8637F87DAB7C94C00E2311AE /* Correction.swift */ = {isa = PBXFileReference; lastKnownFileType = sourcecode.swift; path = Correction.swift; sourceTree = "<group>"; };
		8659B95342553C6C76F416BD /* HaruCoach.entitlements */ = {isa = PBXFileReference; lastKnownFileType = text.plist.entitlements; path = HaruCoach.entitlements; sourceTree = "<group>"; };
		88B79646718D3890F6FBE24B /* PromptManager.swift */ = {isa = PBXFileReference; lastKnownFileType = sourcecode.swift; path = PromptManager.swift; sourceTree = "<group>"; };
		9771289A7FD49135F40FAB6C /* AIService.swift */ = {isa = PBXFileReference; lastKnownFileType = sourcecode.swift; path = AIService.swift; sourceTree = "<group>"; };
		9E7D3C0F74D0584FCCE330B6 /* DailyReview.swift */ = {isa = PBXFileReference; lastKnownFileType = sourcecode.swift; path = DailyReview.swift; sourceTree = "<group>"; };
		A0271E615B90E61BA9386312 /* Date+Extensions.swift */ = {isa = PBXFileReference; lastKnownFileType = sourcecode.swift; path = "Date+Extensions.swift"; sourceTree = "<group>"; };
		A7AC352490ECE8A7670CB142 /* HaruCoachApp.swift */ = {isa = PBXFileReference; lastKnownFileType = sourcecode.swift; path = HaruCoachApp.swift; sourceTree = "<group>"; };
		A8D065B1918DB91AA495A61E /* HaruCoachTests.swift */ = {isa = PBXFileReference; lastKnownFileType = sourcecode.swift; path = HaruCoachTests.swift; sourceTree = "<group>"; };
		B291ADF8C0323BA9614B2826 /* AuthClient.swift */ = {isa = PBXFileReference; lastKnownFileType = sourcecode.swift; path = AuthClient.swift; sourceTree = "<group>"; };
		B9F4063C6BB2E4207BEFBCBE /* LoginView.swift */ = {isa = PBXFileReference; lastKnownFileType = sourcecode.swift; path = LoginView.swift; sourceTree = "<group>"; };
		BF9024F45966994F15A7EA7B /* ProgressRing.swift */ = {isa = PBXFileReference; lastKnownFileType = sourcecode.swift; path = ProgressRing.swift; sourceTree = "<group>"; };
		C02BBD81AD061EECCF0369EB /* AppleLoginButton.swift */ = {isa = PBXFileReference; lastKnownFileType = sourcecode.swift; path = AppleLoginButton.swift; sourceTree = "<group>"; };
		C642B6B849336778C44CCC1A /* DatabaseClient.swift */ = {isa = PBXFileReference; lastKnownFileType = sourcecode.swift; path = DatabaseClient.swift; sourceTree = "<group>"; };
		C6BE8A0366CD3CA0EDE5321A /* QuickSetupView.swift */ = {isa = PBXFileReference; lastKnownFileType = sourcecode.swift; path = QuickSetupView.swift; sourceTree = "<group>"; };
		CC69608532FF0436C00857F0 /* IntroCarouselView.swift */ = {isa = PBXFileReference; lastKnownFileType = sourcecode.swift; path = IntroCarouselView.swift; sourceTree = "<group>"; };
		DECD1F52EC71C84DDEF298E8 /* HCButton.swift */ = {isa = PBXFileReference; lastKnownFileType = sourcecode.swift; path = HCButton.swift; sourceTree = "<group>"; };
		E368E6D1424AE970CC3506DE /* TaskCard.swift */ = {isa = PBXFileReference; lastKnownFileType = sourcecode.swift; path = TaskCard.swift; sourceTree = "<group>"; };
		E428FA50870FE815F665F143 /* DailyPlan.swift */ = {isa = PBXFileReference; lastKnownFileType = sourcecode.swift; path = DailyPlan.swift; sourceTree = "<group>"; };
		EAC96C75B0BC260E456A7013 /* HCColors.swift */ = {isa = PBXFileReference; lastKnownFileType = sourcecode.swift; path = HCColors.swift; sourceTree = "<group>"; };
		EFE6B8C3C6F35E709E0B7892 /* User.swift */ = {isa = PBXFileReference; lastKnownFileType = sourcecode.swift; path = User.swift; sourceTree = "<group>"; };
		F110BB1A8F0B0592080813B0 /* NotificationManager.swift */ = {isa = PBXFileReference; lastKnownFileType = sourcecode.swift; path = NotificationManager.swift; sourceTree = "<group>"; };
		F2DD4C20480A9E634640E5F7 /* FirstScheduleView.swift */ = {isa = PBXFileReference; lastKnownFileType = sourcecode.swift; path = FirstScheduleView.swift; sourceTree = "<group>"; };
		F7D313A5B24B4D91CE4CC608 /* SplashView.swift */ = {isa = PBXFileReference; lastKnownFileType = sourcecode.swift; path = SplashView.swift; sourceTree = "<group>"; };
		FB6DB92C1E5D7D7853349FF2 /* ReviewView.swift */ = {isa = PBXFileReference; lastKnownFileType = sourcecode.swift; path = ReviewView.swift; sourceTree = "<group>"; };
		FC08C562B26940529E4FB111 /* HomeView.swift */ = {isa = PBXFileReference; lastKnownFileType = sourcecode.swift; path = HomeView.swift; sourceTree = "<group>"; };
/* End PBXFileReference section */

/* Begin PBXFrameworksBuildPhase section */
		00E3FE29059BABC1AA2D5E22 /* Frameworks */ = {
			isa = PBXFrameworksBuildPhase;
			buildActionMask = 2147483647;
			files = (
				D3DC7CD13D9E439CC33F0132 /* ComposableArchitecture in Frameworks */,
				5CD3DC2384E6A89BF4AAEED5 /* FirebaseAuth in Frameworks */,
			);
			runOnlyForDeploymentPostprocessing = 0;
		};
/* End PBXFrameworksBuildPhase section */

/* Begin PBXGroup section */
		0C35F6805C09BB0936BBFCEA /* HaruCoachTests */ = {
			isa = PBXGroup;
			children = (
				A8D065B1918DB91AA495A61E /* HaruCoachTests.swift */,
			);
			path = HaruCoachTests;
			sourceTree = "<group>";
		};
		1D16717125BB2F8C7B3B0066 /* Review */ = {
			isa = PBXGroup;
			children = (
				4896D2A7538C2C20C867EA22 /* ReviewFeature.swift */,
				FB6DB92C1E5D7D7853349FF2 /* ReviewView.swift */,
			);
			path = Review;
			sourceTree = "<group>";
		};
		32B06D3B2331E683E2848D65 /* UI */ = {
			isa = PBXGroup;
			children = (
				5F6AFADEA615674D9E1BD815 /* Components */,
				A9F9DFD60D84E67C9B3C6502 /* Theme */,
			);
			path = UI;
			sourceTree = "<group>";
		};
		5F6AFADEA615674D9E1BD815 /* Components */ = {
			isa = PBXGroup;
			children = (
				C02BBD81AD061EECCF0369EB /* AppleLoginButton.swift */,
				DECD1F52EC71C84DDEF298E8 /* HCButton.swift */,
				4122AAB44571F5F091E6480C /* HCTextField.swift */,
				BF9024F45966994F15A7EA7B /* ProgressRing.swift */,
				E368E6D1424AE970CC3506DE /* TaskCard.swift */,
			);
			path = Components;
			sourceTree = "<group>";
		};
		786AC8F71A642B0C159E3998 /* Features */ = {
			isa = PBXGroup;
			children = (
				842375CB6775C9692D62C70B /* Home */,
				B36CB52B1519ECBA9D8740A8 /* Onboarding */,
				1D16717125BB2F8C7B3B0066 /* Review */,
				EA3173697D4D7CFDB3F0C062 /* Settings */,
			);
			path = Features;
			sourceTree = "<group>";
		};
		8024C9BDB1045EA25BE9A69F = {
			isa = PBXGroup;
			children = (
				87E3BB465D181E9CE9521A0C /* HaruCoach */,
				0C35F6805C09BB0936BBFCEA /* HaruCoachTests */,
				C11D12259AA054AF0296D0A4 /* Products */,
			);
			sourceTree = "<group>";
		};
		842375CB6775C9692D62C70B /* Home */ = {
			isa = PBXGroup;
			children = (
				4179221C0CA17E9953EE51BA /* AIConfirmationCard.swift */,
				0754D226B418DBB49CB817F3 /* EditTaskView.swift */,
				73759E81B5E4B4403D403D14 /* HomeFeature.swift */,
				FC08C562B26940529E4FB111 /* HomeView.swift */,
			);
			path = Home;
			sourceTree = "<group>";
		};
		87E3BB465D181E9CE9521A0C /* HaruCoach */ = {
			isa = PBXGroup;
			children = (
				E72D56D27CEF2D3BD7C5FA4D /* App */,
				E0E7AF9E182359BCD7A051A5 /* Core */,
				786AC8F71A642B0C159E3998 /* Features */,
				D3271B3189152DE74AC98469 /* Resources */,
				32B06D3B2331E683E2848D65 /* UI */,
				8659B95342553C6C76F416BD /* HaruCoach.entitlements */,
			);
			path = HaruCoach;
			sourceTree = "<group>";
		};
		886F0F9CF9BE83983E73D231 /* Extensions */ = {
			isa = PBXGroup;
			children = (
				A0271E615B90E61BA9386312 /* Date+Extensions.swift */,
				3A3D7D411C437347308F7F3A /* View+Extensions.swift */,
			);
			path = Extensions;
			sourceTree = "<group>";
		};
		A810C860DE7D1BA1F3CB9EE5 /* Notifications */ = {
			isa = PBXGroup;
			children = (
				F110BB1A8F0B0592080813B0 /* NotificationManager.swift */,
			);
			path = Notifications;
			sourceTree = "<group>";
		};
		A9F9DFD60D84E67C9B3C6502 /* Theme */ = {
			isa = PBXGroup;
			children = (
				193D3431CA24FB0A95648602 /* HCAnimations.swift */,
				EAC96C75B0BC260E456A7013 /* HCColors.swift */,
				008261B96D30351FA9C118C3 /* HCSpacing.swift */,
				2974B0F8CA0E87B3F90C69F1 /* HCTypography.swift */,
			);
			path = Theme;
			sourceTree = "<group>";
		};
		B36CB52B1519ECBA9D8740A8 /* Onboarding */ = {
			isa = PBXGroup;
			children = (
				F2DD4C20480A9E634640E5F7 /* FirstScheduleView.swift */,
				CC69608532FF0436C00857F0 /* IntroCarouselView.swift */,
				B9F4063C6BB2E4207BEFBCBE /* LoginView.swift */,
				7B45D91BB094394A38EB1535 /* OnboardingFeature.swift */,
				3C5A44F97D86DA9DE994E9A3 /* OnboardingView.swift */,
				C6BE8A0366CD3CA0EDE5321A /* QuickSetupView.swift */,
				F7D313A5B24B4D91CE4CC608 /* SplashView.swift */,
			);
			path = Onboarding;
			sourceTree = "<group>";
		};
		B582FF6E72A2786B18EF9344 /* Network */ = {
			isa = PBXGroup;
			children = (
			);
			path = Network;
			sourceTree = "<group>";
		};
		C11D12259AA054AF0296D0A4 /* Products */ = {
			isa = PBXGroup;
			children = (
				6C843A803563237038BD62F9 /* HaruCoach.app */,
				6F31A7F7A677C05BAD7F0568 /* HaruCoachTests.xctest */,
			);
			name = Products;
			sourceTree = "<group>";
		};
		CE3B278887845758CFE7C4CF /* Services */ = {
			isa = PBXGroup;
			children = (
				9771289A7FD49135F40FAB6C /* AIService.swift */,
				B291ADF8C0323BA9614B2826 /* AuthClient.swift */,
				C642B6B849336778C44CCC1A /* DatabaseClient.swift */,
				0216AC8A90C432F8BA3C35FF /* MockAIService.swift */,
				88B79646718D3890F6FBE24B /* PromptManager.swift */,
			);
			path = Services;
			sourceTree = "<group>";
		};
		D3271B3189152DE74AC98469 /* Resources */ = {
			isa = PBXGroup;
			children = (
				664A9F320EEE6B1D9975D926 /* Assets.xcassets */,
				54C23F98A893F0941A82ABFA /* GoogleService-Info.plist */,
			);
			path = Resources;
			sourceTree = "<group>";
		};
		E0E7AF9E182359BCD7A051A5 /* Core */ = {
			isa = PBXGroup;
			children = (
				886F0F9CF9BE83983E73D231 /* Extensions */,
				EBB501171A7378A7649237CB /* Models */,
				B582FF6E72A2786B18EF9344 /* Network */,
				A810C860DE7D1BA1F3CB9EE5 /* Notifications */,
				CE3B278887845758CFE7C4CF /* Services */,
				F43EECA78BEDB95E524D4A3A /* Utils */,
			);
			path = Core;
			sourceTree = "<group>";
		};
		E72D56D27CEF2D3BD7C5FA4D /* App */ = {
			isa = PBXGroup;
			children = (
				64529778384F279699FBB48B /* AppFeature.swift */,
				A7AC352490ECE8A7670CB142 /* HaruCoachApp.swift */,
			);
			path = App;
			sourceTree = "<group>";
		};
		EA3173697D4D7CFDB3F0C062 /* Settings */ = {
			isa = PBXGroup;
			children = (
				397536AC3B2A1F6254C4260F /* SettingsView.swift */,
			);
			path = Settings;
			sourceTree = "<group>";
		};
		EBB501171A7378A7649237CB /* Models */ = {
			isa = PBXGroup;
			children = (
				8637F87DAB7C94C00E2311AE /* Correction.swift */,
				E428FA50870FE815F665F143 /* DailyPlan.swift */,
				9E7D3C0F74D0584FCCE330B6 /* DailyReview.swift */,
				226564F4DE2636916B4DB823 /* HCTask.swift */,
				EFE6B8C3C6F35E709E0B7892 /* User.swift */,
			);
			path = Models;
			sourceTree = "<group>";
		};
		F43EECA78BEDB95E524D4A3A /* Utils */ = {
			isa = PBXGroup;
			children = (
				2E52405A10EA8C3A34AB49C9 /* AppleAuthHelper.swift */,
			);
			path = Utils;
			sourceTree = "<group>";
		};
/* End PBXGroup section */

/* Begin PBXNativeTarget section */
		32E5D4DA00A6EF0538EF0AC7 /* HaruCoach */ = {
			isa = PBXNativeTarget;
			buildConfigurationList = 68DE13B8C3C93A7C86F685E2 /* Build configuration list for PBXNativeTarget "HaruCoach" */;
			buildPhases = (
				B299E191D56F7E36074131C3 /* Sources */,
				386C94E877D35D1C99EA6B3C /* Resources */,
				00E3FE29059BABC1AA2D5E22 /* Frameworks */,
			);
			buildRules = (
			);
			dependencies = (
			);
			name = HaruCoach;
			packageProductDependencies = (
				3C5E920F05B02D1EEC9679A5 /* ComposableArchitecture */,
				06D3D5AC7EE3A8B8A01B7B34 /* FirebaseAuth */,
			);
			productName = HaruCoach;
			productReference = 6C843A803563237038BD62F9 /* HaruCoach.app */;
			productType = "com.apple.product-type.application";
		};
		D61EC442B351C17CAF9278CD /* HaruCoachTests */ = {
			isa = PBXNativeTarget;
			buildConfigurationList = 60396C4F887068B1543B1B0D /* Build configuration list for PBXNativeTarget "HaruCoachTests" */;
			buildPhases = (
				6B8AEB62E1656A1FBD4A56B3 /* Sources */,
			);
			buildRules = (
			);
			dependencies = (
				39F146BF881AF8562E939831 /* PBXTargetDependency */,
			);
			name = HaruCoachTests;
			packageProductDependencies = (
			);
			productName = HaruCoachTests;
			productReference = 6F31A7F7A677C05BAD7F0568 /* HaruCoachTests.xctest */;
			productType = "com.apple.product-type.bundle.unit-test";
		};
/* End PBXNativeTarget section */

/* Begin PBXProject section */
		59A344D792219D2E2B6AE906 /* Project object */ = {
			isa = PBXProject;
			attributes = {
				BuildIndependentTargetsInParallel = YES;
				LastUpgradeCheck = 1600;
				TargetAttributes = {
				};
			};
			buildConfigurationList = 97CFC0E57BFCE96EF92F2036 /* Build configuration list for PBXProject "HaruCoach" */;
			developmentRegion = en;
			hasScannedForEncodings = 0;
			knownRegions = (
				Base,
				en,
			);
			mainGroup = 8024C9BDB1045EA25BE9A69F;
			minimizedProjectReferenceProxies = 1;
			packageReferences = (
				09F1F546BEF8E2AB4691E6E6 /* XCRemoteSwiftPackageReference "swift-composable-architecture" */,
				EB49AD1E84E86E719D6B462D /* XCRemoteSwiftPackageReference "firebase-ios-sdk" */,
			);
			preferredProjectObjectVersion = 77;
			productRefGroup = C11D12259AA054AF0296D0A4 /* Products */;
			projectDirPath = "";
			projectRoot = "";
			targets = (
				32E5D4DA00A6EF0538EF0AC7 /* HaruCoach */,
				D61EC442B351C17CAF9278CD /* HaruCoachTests */,
			);
		};
/* End PBXProject section */

/* Begin PBXResourcesBuildPhase section */
		386C94E877D35D1C99EA6B3C /* Resources */ = {
			isa = PBXResourcesBuildPhase;
			buildActionMask = 2147483647;
			files = (
				A55128F8E30720C69773AC19 /* Assets.xcassets in Resources */,
				A78951C03F77B98AB09B75E5 /* GoogleService-Info.plist in Resources */,
			);
			runOnlyForDeploymentPostprocessing = 0;
		};
/* End PBXResourcesBuildPhase section */

/* Begin PBXSourcesBuildPhase section */
		6B8AEB62E1656A1FBD4A56B3 /* Sources */ = {
			isa = PBXSourcesBuildPhase;
			buildActionMask = 2147483647;
			files = (
				990FA1D033CAE671239C7638 /* HaruCoachTests.swift in Sources */,
			);
			runOnlyForDeploymentPostprocessing = 0;
		};
		B299E191D56F7E36074131C3 /* Sources */ = {
			isa = PBXSourcesBuildPhase;
			buildActionMask = 2147483647;
			files = (
				D84B40D2239B9B278305B9D2 /* AIConfirmationCard.swift in Sources */,
				F9B8706C08EBAA86578B5269 /* AIService.swift in Sources */,
				E176D04EF4E3CB3E4194742F /* AppFeature.swift in Sources */,
				F4FD0DC61096C40067F67131 /* AppleAuthHelper.swift in Sources */,
				4DD5680385573D62E272B923 /* AppleLoginButton.swift in Sources */,
				95B0EB5A369F2691E1198641 /* AuthClient.swift in Sources */,
				CE3B5288AE2BB3BF6C18EA69 /* Correction.swift in Sources */,
				B7A5045456054340D78F942C /* DailyPlan.swift in Sources */,
				3272400E1A596D2C2C6545F9 /* DailyReview.swift in Sources */,
				00E296B6E6823D0E69D64CD6 /* DatabaseClient.swift in Sources */,
				2933F85FF783482B7C39770B /* Date+Extensions.swift in Sources */,
				908C167474C0955F40464B55 /* EditTaskView.swift in Sources */,
				7E96FA275AC9248E92F995FE /* FirstScheduleView.swift in Sources */,
				B141F7F237184289F38C0D84 /* HCAnimations.swift in Sources */,
				9F9A35A95B9FB1D93BDA6959 /* HCButton.swift in Sources */,
				A24C11FA14EE70141E736522 /* HCColors.swift in Sources */,
				EE7720356CE32C60F2D7A051 /* HCSpacing.swift in Sources */,
				DF1851C2DC153AA5B88B8223 /* HCTask.swift in Sources */,
				10163BFC562765D407DE9076 /* HCTextField.swift in Sources */,
				F2BFCD3F186BBCA4062D2463 /* HCTypography.swift in Sources */,
				77630799AD73E057ED5FCA0C /* HaruCoachApp.swift in Sources */,
				718BE91D3E94A209D622A5F3 /* HomeFeature.swift in Sources */,
				949FFADD6A25695D6FC3D657 /* HomeView.swift in Sources */,
				3BAF382DC217F5A56EB55E59 /* IntroCarouselView.swift in Sources */,
				EF9A74B0C4996E6926789CD1 /* LoginView.swift in Sources */,
				0D1E6F8E1BAEE2C5CB47334C /* MockAIService.swift in Sources */,
				D35D63CBD137CA2B5958B73F /* NotificationManager.swift in Sources */,
				3D54D39E4FA09F02E04E39FA /* OnboardingFeature.swift in Sources */,
				63C739C22591C5BDEBD307CA /* OnboardingView.swift in Sources */,
				C859C02E0B5301998351832D /* ProgressRing.swift in Sources */,
				06E9788E9E8E97DF1604E768 /* PromptManager.swift in Sources */,
				2E72BFDDBA1E6980D1B816B9 /* QuickSetupView.swift in Sources */,
				9BF746687FE0D16C946C1569 /* ReviewFeature.swift in Sources */,
				5F954A2F8A5FFA03640D5DB5 /* ReviewView.swift in Sources */,
				306FAC0E1FA39767A8D64E43 /* SettingsView.swift in Sources */,
				8EF1BFF2E1F698346DCD63D3 /* SplashView.swift in Sources */,
				AA9454211C0C0233B13004F5 /* TaskCard.swift in Sources */,
				B4EF5EC2E848E0438EAAB649 /* User.swift in Sources */,
				C3C8FFBA4718B31DCEBEBB9D /* View+Extensions.swift in Sources */,
			);
			runOnlyForDeploymentPostprocessing = 0;
		};
/* End PBXSourcesBuildPhase section */

/* Begin PBXTargetDependency section */
		39F146BF881AF8562E939831 /* PBXTargetDependency */ = {
			isa = PBXTargetDependency;
			target = 32E5D4DA00A6EF0538EF0AC7 /* HaruCoach */;
			targetProxy = 39F20B78F074294FAFB27617 /* PBXContainerItemProxy */;
		};
/* End PBXTargetDependency section */

/* Begin XCBuildConfiguration section */
		2B0BDDC3E4F71F25C321F289 /* Release */ = {
			isa = XCBuildConfiguration;
			buildSettings = {
				ASSETCATALOG_COMPILER_APPICON_NAME = AppIcon;
				ASSETCATALOG_COMPILER_GLOBAL_ACCENT_COLOR_NAME = AccentColor;
				CODE_SIGN_ENTITLEMENTS = HaruCoach/HaruCoach.entitlements;
				CODE_SIGN_IDENTITY = "iPhone Developer";
				INFOPLIST_KEY_CFBundleDisplayName = "하루코치";
				INFOPLIST_KEY_UIApplicationSceneManifest_Generation = YES;
				INFOPLIST_KEY_UIApplicationSupportsIndirectInputEvents = YES;
				INFOPLIST_KEY_UILaunchScreen_Generation = YES;
				INFOPLIST_KEY_UISupportedInterfaceOrientations_iPad = "UIInterfaceOrientationPortrait UIInterfaceOrientationPortraitUpsideDown UIInterfaceOrientationLandscapeLeft UIInterfaceOrientationLandscapeRight";
				INFOPLIST_KEY_UISupportedInterfaceOrientations_iPhone = UIInterfaceOrientationPortrait;
				LD_RUNPATH_SEARCH_PATHS = (
					"$(inherited)",
					"@executable_path/Frameworks",
				);
				PRODUCT_BUNDLE_IDENTIFIER = com.harucoach.HaruCoach;
				SDKROOT = iphoneos;
				SWIFT_EMIT_LOC_STRINGS = YES;
				TARGETED_DEVICE_FAMILY = "1,2";
			};
			name = Release;
		};
		42B67688FF88B0459D648623 /* Release */ = {
			isa = XCBuildConfiguration;
			buildSettings = {
				BUNDLE_LOADER = "$(TEST_HOST)";
				LD_RUNPATH_SEARCH_PATHS = (
					"$(inherited)",
					"@executable_path/Frameworks",
					"@loader_path/Frameworks",
				);
				PRODUCT_BUNDLE_IDENTIFIER = com.harucoach.HaruCoachTests;
				SDKROOT = iphoneos;
				TARGETED_DEVICE_FAMILY = "1,2";
				TEST_HOST = "$(BUILT_PRODUCTS_DIR)/HaruCoach.app/HaruCoach";
			};
			name = Release;
		};
		4D96F29D01F0C56FFB615AAE /* Debug */ = {
			isa = XCBuildConfiguration;
			buildSettings = {
				BUNDLE_LOADER = "$(TEST_HOST)";
				LD_RUNPATH_SEARCH_PATHS = (
					"$(inherited)",
					"@executable_path/Frameworks",
					"@loader_path/Frameworks",
				);
				PRODUCT_BUNDLE_IDENTIFIER = com.harucoach.HaruCoachTests;
				SDKROOT = iphoneos;
				TARGETED_DEVICE_FAMILY = "1,2";
				TEST_HOST = "$(BUILT_PRODUCTS_DIR)/HaruCoach.app/HaruCoach";
			};
			name = Debug;
		};
		5635D527D495C588872E0F68 /* Release */ = {
			isa = XCBuildConfiguration;
			buildSettings = {
				ALWAYS_SEARCH_USER_PATHS = NO;
				CLANG_ANALYZER_NONNULL = YES;
				CLANG_ANALYZER_NUMBER_OBJECT_CONVERSION = YES_AGGRESSIVE;
				CLANG_CXX_LANGUAGE_STANDARD = "gnu++14";
				CLANG_CXX_LIBRARY = "libc++";
				CLANG_ENABLE_MODULES = YES;
				CLANG_ENABLE_OBJC_ARC = YES;
				CLANG_ENABLE_OBJC_WEAK = YES;
				CLANG_WARN_BLOCK_CAPTURE_AUTORELEASING = YES;
				CLANG_WARN_BOOL_CONVERSION = YES;
				CLANG_WARN_COMMA = YES;
				CLANG_WARN_CONSTANT_CONVERSION = YES;
				CLANG_WARN_DEPRECATED_OBJC_IMPLEMENTATIONS = YES;
				CLANG_WARN_DIRECT_OBJC_ISA_USAGE = YES_ERROR;
				CLANG_WARN_DOCUMENTATION_COMMENTS = YES;
				CLANG_WARN_EMPTY_BODY = YES;
				CLANG_WARN_ENUM_CONVERSION = YES;
				CLANG_WARN_INFINITE_RECURSION = YES;
				CLANG_WARN_INT_CONVERSION = YES;
				CLANG_WARN_NON_LITERAL_NULL_CONVERSION = YES;
				CLANG_WARN_OBJC_IMPLICIT_RETAIN_SELF = YES;
				CLANG_WARN_OBJC_LITERAL_CONVERSION = YES;
				CLANG_WARN_OBJC_ROOT_CLASS = YES_ERROR;
				CLANG_WARN_QUOTED_INCLUDE_IN_FRAMEWORK_HEADER = YES;
				CLANG_WARN_RANGE_LOOP_ANALYSIS = YES;
				CLANG_WARN_STRICT_PROTOTYPES = YES;
				CLANG_WARN_SUSPICIOUS_MOVE = YES;
				CLANG_WARN_UNGUARDED_AVAILABILITY = YES_AGGRESSIVE;
				CLANG_WARN_UNREACHABLE_CODE = YES;
				CLANG_WARN__DUPLICATE_METHOD_MATCH = YES;
				COPY_PHASE_STRIP = NO;
				CURRENT_PROJECT_VERSION = 1;
				DEBUG_INFORMATION_FORMAT = "dwarf-with-dsym";
				ENABLE_NS_ASSERTIONS = NO;
				ENABLE_STRICT_OBJC_MSGSEND = YES;
				GCC_C_LANGUAGE_STANDARD = gnu11;
				GCC_NO_COMMON_BLOCKS = YES;
				GCC_WARN_64_TO_32_BIT_CONVERSION = YES;
				GCC_WARN_ABOUT_RETURN_TYPE = YES_ERROR;
				GCC_WARN_UNDECLARED_SELECTOR = YES;
				GCC_WARN_UNINITIALIZED_AUTOS = YES_AGGRESSIVE;
				GCC_WARN_UNUSED_FUNCTION = YES;
				GCC_WARN_UNUSED_VARIABLE = YES;
				GENERATE_INFOPLIST_FILE = YES;
				IPHONEOS_DEPLOYMENT_TARGET = 26.0;
				MARKETING_VERSION = 1.0.0;
				MTL_ENABLE_DEBUG_INFO = NO;
				MTL_FAST_MATH = YES;
				PRODUCT_NAME = "$(TARGET_NAME)";
				SDKROOT = iphoneos;
				SWIFT_COMPILATION_MODE = wholemodule;
				SWIFT_OPTIMIZATION_LEVEL = "-O";
				SWIFT_VERSION = 5.9;
			};
			name = Release;
		};
		58A2F78EC3179125FA38C2B3 /* Debug */ = {
			isa = XCBuildConfiguration;
			buildSettings = {
				ALWAYS_SEARCH_USER_PATHS = NO;
				CLANG_ANALYZER_NONNULL = YES;
				CLANG_ANALYZER_NUMBER_OBJECT_CONVERSION = YES_AGGRESSIVE;
				CLANG_CXX_LANGUAGE_STANDARD = "gnu++14";
				CLANG_CXX_LIBRARY = "libc++";
				CLANG_ENABLE_MODULES = YES;
				CLANG_ENABLE_OBJC_ARC = YES;
				CLANG_ENABLE_OBJC_WEAK = YES;
				CLANG_WARN_BLOCK_CAPTURE_AUTORELEASING = YES;
				CLANG_WARN_BOOL_CONVERSION = YES;
				CLANG_WARN_COMMA = YES;
				CLANG_WARN_CONSTANT_CONVERSION = YES;
				CLANG_WARN_DEPRECATED_OBJC_IMPLEMENTATIONS = YES;
				CLANG_WARN_DIRECT_OBJC_ISA_USAGE = YES_ERROR;
				CLANG_WARN_DOCUMENTATION_COMMENTS = YES;
				CLANG_WARN_EMPTY_BODY = YES;
				CLANG_WARN_ENUM_CONVERSION = YES;
				CLANG_WARN_INFINITE_RECURSION = YES;
				CLANG_WARN_INT_CONVERSION = YES;
				CLANG_WARN_NON_LITERAL_NULL_CONVERSION = YES;
				CLANG_WARN_OBJC_IMPLICIT_RETAIN_SELF = YES;
				CLANG_WARN_OBJC_LITERAL_CONVERSION = YES;
				CLANG_WARN_OBJC_ROOT_CLASS = YES_ERROR;
				CLANG_WARN_QUOTED_INCLUDE_IN_FRAMEWORK_HEADER = YES;
				CLANG_WARN_RANGE_LOOP_ANALYSIS = YES;
				CLANG_WARN_STRICT_PROTOTYPES = YES;
				CLANG_WARN_SUSPICIOUS_MOVE = YES;
				CLANG_WARN_UNGUARDED_AVAILABILITY = YES_AGGRESSIVE;
				CLANG_WARN_UNREACHABLE_CODE = YES;
				CLANG_WARN__DUPLICATE_METHOD_MATCH = YES;
				COPY_PHASE_STRIP = NO;
				CURRENT_PROJECT_VERSION = 1;
				DEBUG_INFORMATION_FORMAT = dwarf;
				ENABLE_STRICT_OBJC_MSGSEND = YES;
				ENABLE_TESTABILITY = YES;
				GCC_C_LANGUAGE_STANDARD = gnu11;
				GCC_DYNAMIC_NO_PIC = NO;
				GCC_NO_COMMON_BLOCKS = YES;
				GCC_OPTIMIZATION_LEVEL = 0;
				GCC_PREPROCESSOR_DEFINITIONS = (
					"$(inherited)",
					"DEBUG=1",
				);
				GCC_WARN_64_TO_32_BIT_CONVERSION = YES;
				GCC_WARN_ABOUT_RETURN_TYPE = YES_ERROR;
				GCC_WARN_UNDECLARED_SELECTOR = YES;
				GCC_WARN_UNINITIALIZED_AUTOS = YES_AGGRESSIVE;
				GCC_WARN_UNUSED_FUNCTION = YES;
				GCC_WARN_UNUSED_VARIABLE = YES;
				GENERATE_INFOPLIST_FILE = YES;
				IPHONEOS_DEPLOYMENT_TARGET = 26.0;
				MARKETING_VERSION = 1.0.0;
				MTL_ENABLE_DEBUG_INFO = INCLUDE_SOURCE;
				MTL_FAST_MATH = YES;
				ONLY_ACTIVE_ARCH = YES;
				PRODUCT_NAME = "$(TARGET_NAME)";
				SDKROOT = iphoneos;
				SWIFT_ACTIVE_COMPILATION_CONDITIONS = DEBUG;
				SWIFT_OPTIMIZATION_LEVEL = "-Onone";
				SWIFT_VERSION = 5.9;
			};
			name = Debug;
		};
		C2FC5B9FA6A78B9026E087B5 /* Debug */ = {
			isa = XCBuildConfiguration;
			buildSettings = {
				ASSETCATALOG_COMPILER_APPICON_NAME = AppIcon;
				ASSETCATALOG_COMPILER_GLOBAL_ACCENT_COLOR_NAME = AccentColor;
				CODE_SIGN_ENTITLEMENTS = HaruCoach/HaruCoach.entitlements;
				CODE_SIGN_IDENTITY = "iPhone Developer";
				INFOPLIST_KEY_CFBundleDisplayName = "하루코치";
				INFOPLIST_KEY_UIApplicationSceneManifest_Generation = YES;
				INFOPLIST_KEY_UIApplicationSupportsIndirectInputEvents = YES;
				INFOPLIST_KEY_UILaunchScreen_Generation = YES;
				INFOPLIST_KEY_UISupportedInterfaceOrientations_iPad = "UIInterfaceOrientationPortrait UIInterfaceOrientationPortraitUpsideDown UIInterfaceOrientationLandscapeLeft UIInterfaceOrientationLandscapeRight";
				INFOPLIST_KEY_UISupportedInterfaceOrientations_iPhone = UIInterfaceOrientationPortrait;
				LD_RUNPATH_SEARCH_PATHS = (
					"$(inherited)",
					"@executable_path/Frameworks",
				);
				PRODUCT_BUNDLE_IDENTIFIER = com.harucoach.HaruCoach;
				SDKROOT = iphoneos;
				SWIFT_EMIT_LOC_STRINGS = YES;
				TARGETED_DEVICE_FAMILY = "1,2";
			};
			name = Debug;
		};
/* End XCBuildConfiguration section */

/* Begin XCConfigurationList section */
		60396C4F887068B1543B1B0D /* Build configuration list for PBXNativeTarget "HaruCoachTests" */ = {
			isa = XCConfigurationList;
			buildConfigurations = (
				4D96F29D01F0C56FFB615AAE /* Debug */,
				42B67688FF88B0459D648623 /* Release */,
			);
			defaultConfigurationIsVisible = 0;
			defaultConfigurationName = Debug;
		};
		68DE13B8C3C93A7C86F685E2 /* Build configuration list for PBXNativeTarget "HaruCoach" */ = {
			isa = XCConfigurationList;
			buildConfigurations = (
				C2FC5B9FA6A78B9026E087B5 /* Debug */,
				2B0BDDC3E4F71F25C321F289 /* Release */,
			);
			defaultConfigurationIsVisible = 0;
			defaultConfigurationName = Debug;
		};
		97CFC0E57BFCE96EF92F2036 /* Build configuration list for PBXProject "HaruCoach" */ = {
			isa = XCConfigurationList;
			buildConfigurations = (
				58A2F78EC3179125FA38C2B3 /* Debug */,
				5635D527D495C588872E0F68 /* Release */,
			);
			defaultConfigurationIsVisible = 0;
			defaultConfigurationName = Debug;
		};
/* End XCConfigurationList section */

/* Begin XCRemoteSwiftPackageReference section */
		09F1F546BEF8E2AB4691E6E6 /* XCRemoteSwiftPackageReference "swift-composable-architecture" */ = {
			isa = XCRemoteSwiftPackageReference;
			repositoryURL = "https://github.com/pointfreeco/swift-composable-architecture";
			requirement = {
				kind = upToNextMajorVersion;
				minimumVersion = 1.17.0;
			};
		};
		EB49AD1E84E86E719D6B462D /* XCRemoteSwiftPackageReference "firebase-ios-sdk" */ = {
			isa = XCRemoteSwiftPackageReference;
			repositoryURL = "https://github.com/firebase/firebase-ios-sdk";
			requirement = {
				kind = upToNextMajorVersion;
				minimumVersion = 10.0.0;
			};
		};
/* End XCRemoteSwiftPackageReference section */

/* Begin XCSwiftPackageProductDependency section */
		06D3D5AC7EE3A8B8A01B7B34 /* FirebaseAuth */ = {
			isa = XCSwiftPackageProductDependency;
			package = EB49AD1E84E86E719D6B462D /* XCRemoteSwiftPackageReference "firebase-ios-sdk" */;
			productName = FirebaseAuth;
		};
		3C5E920F05B02D1EEC9679A5 /* ComposableArchitecture */ = {
			isa = XCSwiftPackageProductDependency;
			package = 09F1F546BEF8E2AB4691E6E6 /* XCRemoteSwiftPackageReference "swift-composable-architecture" */;
			productName = ComposableArchitecture;
		};
/* End XCSwiftPackageProductDependency section */
	};
	rootObject = 59A344D792219D2E2B6AE906 /* Project object */;
}
